
Microsoft Visual Studio Solution File, Format Version 12.00
# Visual Studio Version 17
VisualStudioVersion = 17.5.33627.172
MinimumVisualStudioVersion = 10.0.40219.1
Project("{FAE04EC0-301F-11D3-BF4B-00C04F79EFBC}") = "chubbExamen", "chubbExamen\chubbExamen.csproj", "{F653C984-ECB3-462D-900D-03E9297ABB98}"
EndProject
Global
	GlobalSection(SolutionConfigurationPlatforms) = preSolution
		Debug|Any CPU = Debug|Any CPU
		Release|Any CPU = Release|Any CPU
	EndGlobalSection
	GlobalSection(ProjectConfigurationPlatforms) = postSolution
		{F653C984-ECB3-462D-900D-03E9297ABB98}.Debug|Any CPU.ActiveCfg = Debug|Any CPU
		{F653C984-ECB3-462D-900D-03E9297ABB98}.Debug|Any CPU.Build.0 = Debug|Any CPU
		{F653C984-ECB3-462D-900D-03E9297ABB98}.Release|Any CPU.ActiveCfg = Release|Any CPU
		{F653C984-ECB3-462D-900D-03E9297ABB98}.Release|Any CPU.Build.0 = Release|Any CPU
	EndGlobalSection
	GlobalSection(SolutionProperties) = preSolution
		HideSolutionNode = FALSE
	EndGlobalSection
	GlobalSection(ExtensibilityGlobals) = postSolution
		SolutionGuid = {BBFC1C91-E729-45DE-A410-EA7BE6BB95F8}
	EndGlobalSection
EndGlobal
